// !$*UTF8*$!
{
	archiveVersion = 1;
	classes = {
	};
	objectVersion = 48;
	objects = {

/* Begin PBXBuildFile section */
		4C971E121BBE4BA7008411F6 /* libsqlite3.0.tbd in Frameworks */ = {isa = PBXBuildFile; fileRef = 4C971E111BBE4BA6008411F6 /* libsqlite3.0.tbd */; };
		8404B9481D9BE1D900FA13C4 /* customerDB.sqlite in Resources */ = {isa = PBXBuildFile; fileRef = 8404B9471D9BD0DA00FA13C4 /* customerDB.sqlite */; };
		84BECC691D9A4A9E007D94F4 /* Credential.swift in Sources */ = {isa = PBXBuildFile; fileRef = 84BECC681D9A4A9E007D94F4 /* Credential.swift */; };
		84BECC6D1D9AA06D007D94F4 /* Launch Screen.storyboard in Resources */ = {isa = PBXBuildFile; fileRef = 84BECC6C1D9AA06D007D94F4 /* Launch Screen.storyboard */; };
		84BECC6F1D9B7F50007D94F4 /* SignUpViewController.swift in Sources */ = {isa = PBXBuildFile; fileRef = 84BECC6E1D9B7F50007D94F4 /* SignUpViewController.swift */; };
		84BECC711D9B81BF007D94F4 /* CompanyInfo.swift in Sources */ = {isa = PBXBuildFile; fileRef = 84BECC701D9B81BF007D94F4 /* CompanyInfo.swift */; };
		D2189CFE1F5DBC5100FE0B19 /* JsonConverter.swift in Sources */ = {isa = PBXBuildFile; fileRef = D2189CFD1F5DBC5100FE0B19 /* JsonConverter.swift */; };
		D23ABD2C1E51AC7B003625EC /* libMailCore-ios.a in Frameworks */ = {isa = PBXBuildFile; fileRef = D23ABD1D1E51AAE3003625EC /* libMailCore-ios.a */; };
		D23ABD2F1E51ACC0003625EC /* CFNetwork.framework in Frameworks */ = {isa = PBXBuildFile; fileRef = D23ABD2E1E51ACC0003625EC /* CFNetwork.framework */; };
		D23ABD311E51BA67003625EC /* Security.framework in Frameworks */ = {isa = PBXBuildFile; fileRef = D23ABD301E51BA67003625EC /* Security.framework */; };
		D254505E1F7CE20400519C07 /* FXBlurView.m in Sources */ = {isa = PBXBuildFile; fileRef = D254505C1F7CE20400519C07 /* FXBlurView.m */; };
		D2659A271F56BBAF00EC832F /* myFile.txt in Resources */ = {isa = PBXBuildFile; fileRef = D2659A261F56BBAF00EC832F /* myFile.txt */; };
		D26F018B1E665D43001EFC1E /* Images.xcassets in Resources */ = {isa = PBXBuildFile; fileRef = D26F018A1E665D43001EFC1E /* Images.xcassets */; };
		D26F018E1E66CAAA001EFC1E /* libsqlite3.tbd in Frameworks */ = {isa = PBXBuildFile; fileRef = 84B256971D9382E200293392 /* libsqlite3.tbd */; };
		D26F018F1E66CB7F001EFC1E /* Main.storyboard in Resources */ = {isa = PBXBuildFile; fileRef = EAD5F4CE1B7A073200EBC695 /* Main.storyboard */; };
		D26F01AE1E66D16D001EFC1E /* LaunchScreen.xib in Resources */ = {isa = PBXBuildFile; fileRef = EAD5F4D31B7A073200EBC695 /* LaunchScreen.xib */; };
		D291E2DA1F5E44A9009AD790 /* RebekkaTouch.framework in Copy Frameworks */ = {isa = PBXBuildFile; fileRef = D20C9DB61F5E434B00960BA6 /* RebekkaTouch.framework */; settings = {ATTRIBUTES = (CodeSignOnCopy, RemoveHeadersOnCopy, ); }; };
		D291E2DD1F5E45A2009AD790 /* FTPClient.swift in Sources */ = {isa = PBXBuildFile; fileRef = D291E2DC1F5E45A2009AD790 /* FTPClient.swift */; };
		D296D4601F4C3AE300FE3F60 /* CustomerRecordPresenter.swift in Sources */ = {isa = PBXBuildFile; fileRef = D296D45F1F4C3AE300FE3F60 /* CustomerRecordPresenter.swift */; };
		D296D4631F4C6F3800FE3F60 /* Validation.swift in Sources */ = {isa = PBXBuildFile; fileRef = D296D4621F4C6F3800FE3F60 /* Validation.swift */; };
		D296D46C1F4C706500FE3F60 /* Email.swift in Sources */ = {isa = PBXBuildFile; fileRef = D296D46B1F4C706500FE3F60 /* Email.swift */; };
		D296D46F1F4C7C5400FE3F60 /* DataLayer.swift in Sources */ = {isa = PBXBuildFile; fileRef = D296D46E1F4C7C5400FE3F60 /* DataLayer.swift */; };
		D296D4711F4D32D700FE3F60 /* SignUpPresenter.swift in Sources */ = {isa = PBXBuildFile; fileRef = D296D4701F4D32D700FE3F60 /* SignUpPresenter.swift */; };
		D296D47B1F4D3A7800FE3F60 /* LogInViewController.swift in Sources */ = {isa = PBXBuildFile; fileRef = D296D47A1F4D3A7800FE3F60 /* LogInViewController.swift */; };
		D296D4901F4D67FA00FE3F60 /* InsertRecordPresenter.swift in Sources */ = {isa = PBXBuildFile; fileRef = D296D48F1F4D67FA00FE3F60 /* InsertRecordPresenter.swift */; };
		D296D4991F4D682200FE3F60 /* LogInPresenter.swift in Sources */ = {isa = PBXBuildFile; fileRef = D296D4981F4D682200FE3F60 /* LogInPresenter.swift */; };
		D2C2C7C41F501B3100111066 /* PickerInfo.swift in Sources */ = {isa = PBXBuildFile; fileRef = D2C2C7C31F501B3100111066 /* PickerInfo.swift */; };
		D2C6FA5D1F517862009377F8 /* Synchronize.swift in Sources */ = {isa = PBXBuildFile; fileRef = D2C6FA5C1F517862009377F8 /* Synchronize.swift */; };
		EAD5F4CB1B7A073200EBC695 /* AppDelegate.swift in Sources */ = {isa = PBXBuildFile; fileRef = EAD5F4CA1B7A073200EBC695 /* AppDelegate.swift */; };
		EAD5F5021B7A080700EBC695 /* ModelManager.swift in Sources */ = {isa = PBXBuildFile; fileRef = EAD5F4FF1B7A080700EBC695 /* ModelManager.swift */; };
		EAD5F5031B7A080700EBC695 /* CustomerInfo.swift in Sources */ = {isa = PBXBuildFile; fileRef = EAD5F5001B7A080700EBC695 /* CustomerInfo.swift */; };
		EAD5F5041B7A080700EBC695 /* Util.swift in Sources */ = {isa = PBXBuildFile; fileRef = EAD5F5011B7A080700EBC695 /* Util.swift */; };
		EAD5F5221B7A0ADE00EBC695 /* FMDatabase.m in Sources */ = {isa = PBXBuildFile; fileRef = EAD5F51C1B7A0ADE00EBC695 /* FMDatabase.m */; settings = {COMPILER_FLAGS = "-fno-objc-arc"; }; };
		EAD5F5231B7A0ADE00EBC695 /* FMDatabaseAdditions.m in Sources */ = {isa = PBXBuildFile; fileRef = EAD5F51E1B7A0ADE00EBC695 /* FMDatabaseAdditions.m */; settings = {COMPILER_FLAGS = "-fno-objc-arc"; }; };
		EAD5F5241B7A0ADE00EBC695 /* fmdb.txt in Resources */ = {isa = PBXBuildFile; fileRef = EAD5F51F1B7A0ADE00EBC695 /* fmdb.txt */; };
		EAD5F5251B7A0ADE00EBC695 /* FMResultSet.m in Sources */ = {isa = PBXBuildFile; fileRef = EAD5F5211B7A0ADE00EBC695 /* FMResultSet.m */; settings = {COMPILER_FLAGS = "-fno-objc-arc"; }; };
		EAD5F52C1B7A126200EBC695 /* HomeScreenViewController.swift in Sources */ = {isa = PBXBuildFile; fileRef = EAD5F52B1B7A126200EBC695 /* HomeScreenViewController.swift */; };
		EAD5F52E1B7A127800EBC695 /* InsertRecordViewController.swift in Sources */ = {isa = PBXBuildFile; fileRef = EAD5F52D1B7A127800EBC695 /* InsertRecordViewController.swift */; };
		EAD5F5311B7A18D800EBC695 /* StudentCell.swift in Sources */ = {isa = PBXBuildFile; fileRef = EAD5F5301B7A18D800EBC695 /* StudentCell.swift */; };
/* End PBXBuildFile section */

/* Begin PBXContainerItemProxy section */
		D20C9DB31F5E434B00960BA6 /* PBXContainerItemProxy */ = {
			isa = PBXContainerItemProxy;
			containerPortal = D20C9DA71F5E434B00960BA6 /* Rebekka.xcodeproj */;
			proxyType = 2;
			remoteGlobalIDString = 47FFC2831B09279200D3EDFE;
			remoteInfo = Rebekka;
		};
		D20C9DB51F5E434B00960BA6 /* PBXContainerItemProxy */ = {
			isa = PBXContainerItemProxy;
			containerPortal = D20C9DA71F5E434B00960BA6 /* Rebekka.xcodeproj */;
			proxyType = 2;
			remoteGlobalIDString = 47FFC2DC1B09297E00D3EDFE;
			remoteInfo = RebekkaTouch;
		};
		D23ABD1A1E51AAE3003625EC /* PBXContainerItemProxy */ = {
			isa = PBXContainerItemProxy;
			containerPortal = D23ABD0F1E51AAE2003625EC /* mailcore2.xcodeproj */;
			proxyType = 2;
			remoteGlobalIDString = C64EA537169E772200778456;
			remoteInfo = "static mailcore2 osx";
		};
		D23ABD1C1E51AAE3003625EC /* PBXContainerItemProxy */ = {
			isa = PBXContainerItemProxy;
			containerPortal = D23ABD0F1E51AAE2003625EC /* mailcore2.xcodeproj */;
			proxyType = 2;
			remoteGlobalIDString = C6BA2C191705F4E6003F0E9E;
			remoteInfo = "static mailcore2 ios";
		};
		D23ABD1E1E51AAE3003625EC /* PBXContainerItemProxy */ = {
			isa = PBXContainerItemProxy;
			containerPortal = D23ABD0F1E51AAE2003625EC /* mailcore2.xcodeproj */;
			proxyType = 2;
			remoteGlobalIDString = C64EA78C169F259200778456;
			remoteInfo = tests;
		};
		D23ABD201E51AAE3003625EC /* PBXContainerItemProxy */ = {
			isa = PBXContainerItemProxy;
			containerPortal = D23ABD0F1E51AAE2003625EC /* mailcore2.xcodeproj */;
			proxyType = 2;
			remoteGlobalIDString = C6A81B911706840C00882C15;
			remoteInfo = "test-ios";
		};
		D23ABD221E51AAE3003625EC /* PBXContainerItemProxy */ = {
			isa = PBXContainerItemProxy;
			containerPortal = D23ABD0F1E51AAE2003625EC /* mailcore2.xcodeproj */;
			proxyType = 2;
			remoteGlobalIDString = C6BD288D170BD71100A91AC1;
			remoteInfo = "mailcore osx";
		};
		D23ABD241E51AAE3003625EC /* PBXContainerItemProxy */ = {
			isa = PBXContainerItemProxy;
			containerPortal = D23ABD0F1E51AAE2003625EC /* mailcore2.xcodeproj */;
			proxyType = 2;
			remoteGlobalIDString = 27780C3A19CF9CD100C77E44;
			remoteInfo = "mailcore ios";
		};
		D23ABD261E51AAE3003625EC /* PBXContainerItemProxy */ = {
			isa = PBXContainerItemProxy;
			containerPortal = D23ABD0F1E51AAE2003625EC /* mailcore2.xcodeproj */;
			proxyType = 2;
			remoteGlobalIDString = C6B5AE0219F630B3001352A6;
			remoteInfo = unittest;
		};
		D23ABD281E51AAE3003625EC /* PBXContainerItemProxy */ = {
			isa = PBXContainerItemProxy;
			containerPortal = D23ABD0F1E51AAE2003625EC /* mailcore2.xcodeproj */;
			proxyType = 2;
			remoteGlobalIDString = C600B6141A242C3F000728F1;
			remoteInfo = unittestcpp;
		};
		D23ABD2A1E51ABAB003625EC /* PBXContainerItemProxy */ = {
			isa = PBXContainerItemProxy;
			containerPortal = D23ABD0F1E51AAE2003625EC /* mailcore2.xcodeproj */;
			proxyType = 1;
			remoteGlobalIDString = C6BA2B091705F4E6003F0E9E;
			remoteInfo = "static mailcore2 ios";
		};
		EAD5F4DB1B7A073200EBC695 /* PBXContainerItemProxy */ = {
			isa = PBXContainerItemProxy;
			containerPortal = EAD5F4BD1B7A073200EBC695 /* Project object */;
			proxyType = 1;
			remoteGlobalIDString = EAD5F4C41B7A073200EBC695;
			remoteInfo = DbDemoExampleSwift;
		};
/* End PBXContainerItemProxy section */

/* Begin PBXCopyFilesBuildPhase section */
		D291E2D91F5E447D009AD790 /* Copy Frameworks */ = {
			isa = PBXCopyFilesBuildPhase;
			buildActionMask = 2147483647;
			dstPath = "";
			dstSubfolderSpec = 10;
			files = (
				D291E2DA1F5E44A9009AD790 /* RebekkaTouch.framework in Copy Frameworks */,
			);
			name = "Copy Frameworks";
			runOnlyForDeploymentPostprocessing = 0;
		};
/* End PBXCopyFilesBuildPhase section */

/* Begin PBXFileReference section */
		4C971E111BBE4BA6008411F6 /* libsqlite3.0.tbd */ = {isa = PBXFileReference; lastKnownFileType = "sourcecode.text-based-dylib-definition"; name = libsqlite3.0.tbd; path = usr/lib/libsqlite3.0.tbd; sourceTree = SDKROOT; };
		8404B9471D9BD0DA00FA13C4 /* customerDB.sqlite */ = {isa = PBXFileReference; lastKnownFileType = file; name = customerDB.sqlite; path = ../customerDB.sqlite; sourceTree = "<group>"; };
		84B256971D9382E200293392 /* libsqlite3.tbd */ = {isa = PBXFileReference; lastKnownFileType = "sourcecode.text-based-dylib-definition"; name = libsqlite3.tbd; path = usr/lib/libsqlite3.tbd; sourceTree = SDKROOT; };
		84BECC681D9A4A9E007D94F4 /* Credential.swift */ = {isa = PBXFileReference; fileEncoding = 4; lastKnownFileType = sourcecode.swift; path = Credential.swift; sourceTree = "<group>"; };
		84BECC6C1D9AA06D007D94F4 /* Launch Screen.storyboard */ = {isa = PBXFileReference; fileEncoding = 4; lastKnownFileType = file.storyboard; path = "Launch Screen.storyboard"; sourceTree = "<group>"; };
		84BECC6E1D9B7F50007D94F4 /* SignUpViewController.swift */ = {isa = PBXFileReference; fileEncoding = 4; lastKnownFileType = sourcecode.swift; path = SignUpViewController.swift; sourceTree = "<group>"; };
		84BECC701D9B81BF007D94F4 /* CompanyInfo.swift */ = {isa = PBXFileReference; fileEncoding = 4; lastKnownFileType = sourcecode.swift; path = CompanyInfo.swift; sourceTree = "<group>"; };
		D20C9DA71F5E434B00960BA6 /* Rebekka.xcodeproj */ = {isa = PBXFileReference; lastKnownFileType = "wrapper.pb-project"; name = Rebekka.xcodeproj; path = "../Desktop/Successful demo of FTP/rebekka-source/Rebekka.xcodeproj"; sourceTree = "<group>"; };
		D2189CFD1F5DBC5100FE0B19 /* JsonConverter.swift */ = {isa = PBXFileReference; lastKnownFileType = sourcecode.swift; path = JsonConverter.swift; sourceTree = "<group>"; };
		D23ABD0F1E51AAE2003625EC /* mailcore2.xcodeproj */ = {isa = PBXFileReference; lastKnownFileType = "wrapper.pb-project"; name = mailcore2.xcodeproj; path = "mailcore2/build-mac/mailcore2.xcodeproj"; sourceTree = SOURCE_ROOT; };
		D23ABD2E1E51ACC0003625EC /* CFNetwork.framework */ = {isa = PBXFileReference; lastKnownFileType = wrapper.framework; name = CFNetwork.framework; path = System/Library/Frameworks/CFNetwork.framework; sourceTree = SDKROOT; };
		D23ABD301E51BA67003625EC /* Security.framework */ = {isa = PBXFileReference; lastKnownFileType = wrapper.framework; name = Security.framework; path = System/Library/Frameworks/Security.framework; sourceTree = SDKROOT; };
		D23ABD321E51BD25003625EC /* Project-Name-Bridging-Header.h */ = {isa = PBXFileReference; lastKnownFileType = sourcecode.c.h; path = "Project-Name-Bridging-Header.h"; sourceTree = "<group>"; };
		D254505C1F7CE20400519C07 /* FXBlurView.m */ = {isa = PBXFileReference; lastKnownFileType = sourcecode.c.objc; name = FXBlurView.m; path = "../../Downloads/FXBlurView-master/FXBlurView/FXBlurView.m"; sourceTree = "<group>"; };
		D254505D1F7CE20400519C07 /* FXBlurView.h */ = {isa = PBXFileReference; lastKnownFileType = sourcecode.c.h; name = FXBlurView.h; path = "../../Downloads/FXBlurView-master/FXBlurView/FXBlurView.h"; sourceTree = "<group>"; };
		D25450601F7CE20B00519C07 /* FXBlurView.m */ = {isa = PBXFileReference; lastKnownFileType = sourcecode.c.objc; path = FXBlurView.m; sourceTree = "<group>"; };
		D25450611F7CE20B00519C07 /* FXBlurView.h */ = {isa = PBXFileReference; lastKnownFileType = sourcecode.c.h; path = FXBlurView.h; sourceTree = "<group>"; };
		D2659A261F56BBAF00EC832F /* myFile.txt */ = {isa = PBXFileReference; lastKnownFileType = text; path = myFile.txt; sourceTree = "<group>"; };
		D26F018A1E665D43001EFC1E /* Images.xcassets */ = {isa = PBXFileReference; lastKnownFileType = folder.assetcatalog; name = Images.xcassets; path = "../Customer Record Summit/Images.xcassets"; sourceTree = "<group>"; };
		D291E2DC1F5E45A2009AD790 /* FTPClient.swift */ = {isa = PBXFileReference; lastKnownFileType = sourcecode.swift; path = FTPClient.swift; sourceTree = "<group>"; };
		D296D45F1F4C3AE300FE3F60 /* CustomerRecordPresenter.swift */ = {isa = PBXFileReference; fileEncoding = 4; lastKnownFileType = sourcecode.swift; name = CustomerRecordPresenter.swift; path = ../CustomerRecordPresenter.swift; sourceTree = "<group>"; };
		D296D4621F4C6F3800FE3F60 /* Validation.swift */ = {isa = PBXFileReference; fileEncoding = 4; lastKnownFileType = sourcecode.swift; path = Validation.swift; sourceTree = "<group>"; };
		D296D46B1F4C706500FE3F60 /* Email.swift */ = {isa = PBXFileReference; fileEncoding = 4; lastKnownFileType = sourcecode.swift; path = Email.swift; sourceTree = "<group>"; };
		D296D46E1F4C7C5400FE3F60 /* DataLayer.swift */ = {isa = PBXFileReference; fileEncoding = 4; lastKnownFileType = sourcecode.swift; path = DataLayer.swift; sourceTree = "<group>"; };
		D296D4701F4D32D700FE3F60 /* SignUpPresenter.swift */ = {isa = PBXFileReference; fileEncoding = 4; lastKnownFileType = sourcecode.swift; path = SignUpPresenter.swift; sourceTree = "<group>"; };
		D296D47A1F4D3A7800FE3F60 /* LogInViewController.swift */ = {isa = PBXFileReference; fileEncoding = 4; lastKnownFileType = sourcecode.swift; path = LogInViewController.swift; sourceTree = "<group>"; };
		D296D48F1F4D67FA00FE3F60 /* InsertRecordPresenter.swift */ = {isa = PBXFileReference; fileEncoding = 4; lastKnownFileType = sourcecode.swift; path = InsertRecordPresenter.swift; sourceTree = "<group>"; };
		D296D4981F4D682200FE3F60 /* LogInPresenter.swift */ = {isa = PBXFileReference; fileEncoding = 4; lastKnownFileType = sourcecode.swift; path = LogInPresenter.swift; sourceTree = "<group>"; };
		D2C2C7C31F501B3100111066 /* PickerInfo.swift */ = {isa = PBXFileReference; fileEncoding = 4; lastKnownFileType = sourcecode.swift; path = PickerInfo.swift; sourceTree = "<group>"; };
		D2C2C7C51F5129BA00111066 /* Customer Record Summit.entitlements */ = {isa = PBXFileReference; lastKnownFileType = text.plist.entitlements; name = "Customer Record Summit.entitlements"; path = "Customer Record Summit/Customer Record Summit.entitlements"; sourceTree = "<group>"; };
		D2C6FA5C1F517862009377F8 /* Synchronize.swift */ = {isa = PBXFileReference; fileEncoding = 4; lastKnownFileType = sourcecode.swift; path = Synchronize.swift; sourceTree = "<group>"; };
		EAD5F4C51B7A073200EBC695 /* Customer Record Summit.app */ = {isa = PBXFileReference; explicitFileType = wrapper.application; includeInIndex = 0; path = "Customer Record Summit.app"; sourceTree = BUILT_PRODUCTS_DIR; };
		EAD5F4C91B7A073200EBC695 /* Info.plist */ = {isa = PBXFileReference; lastKnownFileType = text.plist.xml; path = Info.plist; sourceTree = "<group>"; };
		EAD5F4CA1B7A073200EBC695 /* AppDelegate.swift */ = {isa = PBXFileReference; lastKnownFileType = sourcecode.swift; path = AppDelegate.swift; sourceTree = "<group>"; };
		EAD5F4CF1B7A073200EBC695 /* Base */ = {isa = PBXFileReference; lastKnownFileType = file.storyboard; name = Base; path = Base.lproj/Main.storyboard; sourceTree = "<group>"; };
		EAD5F4D41B7A073200EBC695 /* Base */ = {isa = PBXFileReference; lastKnownFileType = file.xib; name = Base; path = Base.lproj/LaunchScreen.xib; sourceTree = "<group>"; };
		EAD5F4DA1B7A073200EBC695 /* Customer Record SummitTests.xctest */ = {isa = PBXFileReference; explicitFileType = wrapper.cfbundle; includeInIndex = 0; path = "Customer Record SummitTests.xctest"; sourceTree = BUILT_PRODUCTS_DIR; };
		EAD5F4DF1B7A073200EBC695 /* Info.plist */ = {isa = PBXFileReference; lastKnownFileType = text.plist.xml; path = Info.plist; sourceTree = "<group>"; };
		EAD5F4E01B7A073200EBC695 /* DbDemoExampleSwiftTests.swift */ = {isa = PBXFileReference; lastKnownFileType = sourcecode.swift; path = DbDemoExampleSwiftTests.swift; sourceTree = "<group>"; };
		EAD5F4FF1B7A080700EBC695 /* ModelManager.swift */ = {isa = PBXFileReference; fileEncoding = 4; lastKnownFileType = sourcecode.swift; path = ModelManager.swift; sourceTree = "<group>"; };
		EAD5F5001B7A080700EBC695 /* CustomerInfo.swift */ = {isa = PBXFileReference; fileEncoding = 4; lastKnownFileType = sourcecode.swift; path = CustomerInfo.swift; sourceTree = "<group>"; };
		EAD5F5011B7A080700EBC695 /* Util.swift */ = {isa = PBXFileReference; fileEncoding = 4; lastKnownFileType = sourcecode.swift; path = Util.swift; sourceTree = "<group>"; };
		EAD5F51B1B7A0ADE00EBC695 /* FMDatabase.h */ = {isa = PBXFileReference; fileEncoding = 4; lastKnownFileType = sourcecode.c.h; path = FMDatabase.h; sourceTree = "<group>"; };
		EAD5F51C1B7A0ADE00EBC695 /* FMDatabase.m */ = {isa = PBXFileReference; fileEncoding = 4; lastKnownFileType = sourcecode.c.objc; path = FMDatabase.m; sourceTree = "<group>"; };
		EAD5F51D1B7A0ADE00EBC695 /* FMDatabaseAdditions.h */ = {isa = PBXFileReference; fileEncoding = 4; lastKnownFileType = sourcecode.c.h; path = FMDatabaseAdditions.h; sourceTree = "<group>"; };
		EAD5F51E1B7A0ADE00EBC695 /* FMDatabaseAdditions.m */ = {isa = PBXFileReference; fileEncoding = 4; lastKnownFileType = sourcecode.c.objc; path = FMDatabaseAdditions.m; sourceTree = "<group>"; };
		EAD5F51F1B7A0ADE00EBC695 /* fmdb.txt */ = {isa = PBXFileReference; fileEncoding = 4; lastKnownFileType = text; path = fmdb.txt; sourceTree = "<group>"; };
		EAD5F5201B7A0ADE00EBC695 /* FMResultSet.h */ = {isa = PBXFileReference; fileEncoding = 4; lastKnownFileType = sourcecode.c.h; path = FMResultSet.h; sourceTree = "<group>"; };
		EAD5F5211B7A0ADE00EBC695 /* FMResultSet.m */ = {isa = PBXFileReference; fileEncoding = 4; lastKnownFileType = sourcecode.c.objc; path = FMResultSet.m; sourceTree = "<group>"; };
		EAD5F5261B7A0B6F00EBC695 /* DbDemoExampleSwift-Bridging-Header.h */ = {isa = PBXFileReference; lastKnownFileType = sourcecode.c.h; path = "DbDemoExampleSwift-Bridging-Header.h"; sourceTree = "<group>"; };
		EAD5F52B1B7A126200EBC695 /* HomeScreenViewController.swift */ = {isa = PBXFileReference; fileEncoding = 4; lastKnownFileType = sourcecode.swift; path = HomeScreenViewController.swift; sourceTree = "<group>"; };
		EAD5F52D1B7A127800EBC695 /* InsertRecordViewController.swift */ = {isa = PBXFileReference; fileEncoding = 4; lastKnownFileType = sourcecode.swift; path = InsertRecordViewController.swift; sourceTree = "<group>"; };
		EAD5F5301B7A18D800EBC695 /* StudentCell.swift */ = {isa = PBXFileReference; fileEncoding = 4; lastKnownFileType = sourcecode.swift; path = StudentCell.swift; sourceTree = "<group>"; };
/* End PBXFileReference section */

/* Begin PBXFrameworksBuildPhase section */
		EAD5F4C21B7A073200EBC695 /* Frameworks */ = {
			isa = PBXFrameworksBuildPhase;
			buildActionMask = 2147483647;
			files = (
				D26F018E1E66CAAA001EFC1E /* libsqlite3.tbd in Frameworks */,
				D23ABD311E51BA67003625EC /* Security.framework in Frameworks */,
				D23ABD2F1E51ACC0003625EC /* CFNetwork.framework in Frameworks */,
				D23ABD2C1E51AC7B003625EC /* libMailCore-ios.a in Frameworks */,
				4C971E121BBE4BA7008411F6 /* libsqlite3.0.tbd in Frameworks */,
			);
			runOnlyForDeploymentPostprocessing = 0;
		};
		EAD5F4D71B7A073200EBC695 /* Frameworks */ = {
			isa = PBXFrameworksBuildPhase;
			buildActionMask = 2147483647;
			files = (
			);
			runOnlyForDeploymentPostprocessing = 0;
		};
/* End PBXFrameworksBuildPhase section */

/* Begin PBXGroup section */
		D20C9DA81F5E434B00960BA6 /* Products */ = {
			isa = PBXGroup;
			children = (
				D20C9DB41F5E434B00960BA6 /* Rebekka.framework */,
				D20C9DB61F5E434B00960BA6 /* RebekkaTouch.framework */,
			);
			name = Products;
			sourceTree = "<group>";
		};
		D23ABD101E51AAE2003625EC /* Products */ = {
			isa = PBXGroup;
			children = (
				D23ABD1D1E51AAE3003625EC /* libMailCore-ios.a */,
				D23ABD1F1E51AAE3003625EC /* tests */,
				D23ABD211E51AAE3003625EC /* test-ios.app */,
				D23ABD231E51AAE3003625EC /* MailCore.framework */,
				D23ABD251E51AAE3003625EC /* MailCore.framework */,
				D23ABD271E51AAE3003625EC /* unittest.xctest */,
				D23ABD291E51AAE3003625EC /* unittestcpp */,
				D23ABD1B1E51AAE3003625EC /* libMailCore.a */,
			);
			name = Products;
			sourceTree = "<group>";
		};
		D23ABD2D1E51ACC0003625EC /* Frameworks */ = {
			isa = PBXGroup;
			children = (
				D23ABD301E51BA67003625EC /* Security.framework */,
				D23ABD2E1E51ACC0003625EC /* CFNetwork.framework */,
			);
			name = Frameworks;
			sourceTree = "<group>";
		};
		D254505F1F7CE20B00519C07 /* Blur */ = {
			isa = PBXGroup;
			children = (
				D25450611F7CE20B00519C07 /* FXBlurView.h */,
				D25450601F7CE20B00519C07 /* FXBlurView.m */,
			);
			path = Blur;
			sourceTree = "<group>";
		};
		D291E2DE1F5E45A8009AD790 /* Network */ = {
			isa = PBXGroup;
			children = (
				D291E2DC1F5E45A2009AD790 /* FTPClient.swift */,
				D296D46B1F4C706500FE3F60 /* Email.swift */,
			);
			name = Network;
			sourceTree = "<group>";
		};
		D291E2DF1F5E46C2009AD790 /* Interface */ = {
			isa = PBXGroup;
			children = (
				EAD5F5001B7A080700EBC695 /* CustomerInfo.swift */,
				84BECC701D9B81BF007D94F4 /* CompanyInfo.swift */,
				84BECC681D9A4A9E007D94F4 /* Credential.swift */,
				D2C2C7C31F501B3100111066 /* PickerInfo.swift */,
			);
			name = Interface;
			sourceTree = "<group>";
		};
		D291E2E01F5E47B0009AD790 /* FileManager */ = {
			isa = PBXGroup;
			children = (
				EAD5F5011B7A080700EBC695 /* Util.swift */,
			);
			name = FileManager;
			sourceTree = "<group>";
		};
		D296D45E1F4C207100FE3F60 /* Objective C-Swift Headers */ = {
			isa = PBXGroup;
			children = (
				EAD5F5261B7A0B6F00EBC695 /* DbDemoExampleSwift-Bridging-Header.h */,
				D23ABD321E51BD25003625EC /* Project-Name-Bridging-Header.h */,
			);
			name = "Objective C-Swift Headers";
			sourceTree = "<group>";
		};
		D296D46D1F4C7C3800FE3F60 /* Database */ = {
			isa = PBXGroup;
			children = (
				D296D46E1F4C7C5400FE3F60 /* DataLayer.swift */,
				D2189CFD1F5DBC5100FE0B19 /* JsonConverter.swift */,
			);
			name = Database;
			sourceTree = "<group>";
		};
		D296D4731F4D37F600FE3F60 /* HomeScreen */ = {
			isa = PBXGroup;
			children = (
				D296D45F1F4C3AE300FE3F60 /* CustomerRecordPresenter.swift */,
				EAD5F52B1B7A126200EBC695 /* HomeScreenViewController.swift */,
			);
			name = HomeScreen;
			sourceTree = "<group>";
		};
		D296D4741F4D380B00FE3F60 /* SignUpScreen */ = {
			isa = PBXGroup;
			children = (
				84BECC6E1D9B7F50007D94F4 /* SignUpViewController.swift */,
				D296D4701F4D32D700FE3F60 /* SignUpPresenter.swift */,
			);
			name = SignUpScreen;
			sourceTree = "<group>";
		};
		D296D4751F4D381500FE3F60 /* LogInScreen */ = {
			isa = PBXGroup;
			children = (
				D296D47A1F4D3A7800FE3F60 /* LogInViewController.swift */,
				D296D4981F4D682200FE3F60 /* LogInPresenter.swift */,
			);
			name = LogInScreen;
			sourceTree = "<group>";
		};
		D296D4761F4D381D00FE3F60 /* InsertRecord Screen */ = {
			isa = PBXGroup;
			children = (
				EAD5F52D1B7A127800EBC695 /* InsertRecordViewController.swift */,
				D296D48F1F4D67FA00FE3F60 /* InsertRecordPresenter.swift */,
			);
			name = "InsertRecord Screen";
			sourceTree = "<group>";
		};
		D2C2C7BB1F500EBF00111066 /* MailCore */ = {
			isa = PBXGroup;
			children = (
				D23ABD0F1E51AAE2003625EC /* mailcore2.xcodeproj */,
			);
			name = MailCore;
			sourceTree = "<group>";
		};
		EAD5F4BC1B7A073200EBC695 = {
			isa = PBXGroup;
			children = (
				D2C2C7C51F5129BA00111066 /* Customer Record Summit.entitlements */,
				84B256971D9382E200293392 /* libsqlite3.tbd */,
				4C971E111BBE4BA6008411F6 /* libsqlite3.0.tbd */,
				D20C9DA71F5E434B00960BA6 /* Rebekka.xcodeproj */,
				EAD5F4C71B7A073200EBC695 /* CustomerRecordSummit */,
				EAD5F4DD1B7A073200EBC695 /* DbDemoExampleSwiftTests */,
				EAD5F4C61B7A073200EBC695 /* Products */,
				D23ABD2D1E51ACC0003625EC /* Frameworks */,
			);
			sourceTree = "<group>";
		};
		EAD5F4C61B7A073200EBC695 /* Products */ = {
			isa = PBXGroup;
			children = (
				EAD5F4C51B7A073200EBC695 /* Customer Record Summit.app */,
				EAD5F4DA1B7A073200EBC695 /* Customer Record SummitTests.xctest */,
			);
			name = Products;
			sourceTree = "<group>";
		};
		EAD5F4C71B7A073200EBC695 /* CustomerRecordSummit */ = {
			isa = PBXGroup;
			children = (
				EAD5F4CA1B7A073200EBC695 /* AppDelegate.swift */,
				EAD5F4CE1B7A073200EBC695 /* Main.storyboard */,
				8404B9471D9BD0DA00FA13C4 /* customerDB.sqlite */,
				EAD5F4D31B7A073200EBC695 /* LaunchScreen.xib */,
				D26F018A1E665D43001EFC1E /* Images.xcassets */,
				84BECC6C1D9AA06D007D94F4 /* Launch Screen.storyboard */,
				D254505F1F7CE20B00519C07 /* Blur */,
				D254505D1F7CE20400519C07 /* FXBlurView.h */,
				D254505C1F7CE20400519C07 /* FXBlurView.m */,
				EAD5F4EC1B7A076F00EBC695 /* ThirdParty */,
				EAD5F52F1B7A18B600EBC695 /* UITableViewCell */,
				EAD5F4FE1B7A07E900EBC695 /* Model Layer */,
				EAD5F4F91B7A078D00EBC695 /* ViewController */,
				D2C2C7BB1F500EBF00111066 /* MailCore */,
				D296D45E1F4C207100FE3F60 /* Objective C-Swift Headers */,
				EAD5F4C81B7A073200EBC695 /* Supporting Files */,
				D2659A261F56BBAF00EC832F /* myFile.txt */,
			);
			name = CustomerRecordSummit;
			path = DbDemoExampleSwift;
			sourceTree = "<group>";
		};
		EAD5F4C81B7A073200EBC695 /* Supporting Files */ = {
			isa = PBXGroup;
			children = (
				EAD5F4C91B7A073200EBC695 /* Info.plist */,
			);
			name = "Supporting Files";
			sourceTree = "<group>";
		};
		EAD5F4DD1B7A073200EBC695 /* DbDemoExampleSwiftTests */ = {
			isa = PBXGroup;
			children = (
				EAD5F4E01B7A073200EBC695 /* DbDemoExampleSwiftTests.swift */,
				EAD5F4DE1B7A073200EBC695 /* Supporting Files */,
			);
			path = DbDemoExampleSwiftTests;
			sourceTree = "<group>";
		};
		EAD5F4DE1B7A073200EBC695 /* Supporting Files */ = {
			isa = PBXGroup;
			children = (
				EAD5F4DF1B7A073200EBC695 /* Info.plist */,
			);
			name = "Supporting Files";
			sourceTree = "<group>";
		};
		EAD5F4EC1B7A076F00EBC695 /* ThirdParty */ = {
			isa = PBXGroup;
			children = (
				EAD5F51A1B7A0ADE00EBC695 /* FMDB */,
			);
			path = ThirdParty;
			sourceTree = "<group>";
		};
		EAD5F4F91B7A078D00EBC695 /* ViewController */ = {
			isa = PBXGroup;
			children = (
				D296D4731F4D37F600FE3F60 /* HomeScreen */,
				D296D4741F4D380B00FE3F60 /* SignUpScreen */,
				D296D4751F4D381500FE3F60 /* LogInScreen */,
				D296D4761F4D381D00FE3F60 /* InsertRecord Screen */,
			);
			path = ViewController;
			sourceTree = "<group>";
		};
		EAD5F4FE1B7A07E900EBC695 /* Model Layer */ = {
			isa = PBXGroup;
			children = (
				EAD5F4FF1B7A080700EBC695 /* ModelManager.swift */,
				D291E2DE1F5E45A8009AD790 /* Network */,
				D296D46D1F4C7C3800FE3F60 /* Database */,
				D291E2DF1F5E46C2009AD790 /* Interface */,
				D291E2E01F5E47B0009AD790 /* FileManager */,
				D296D4621F4C6F3800FE3F60 /* Validation.swift */,
				D2C6FA5C1F517862009377F8 /* Synchronize.swift */,
			);
			name = "Model Layer";
			path = Model;
			sourceTree = "<group>";
		};
		EAD5F51A1B7A0ADE00EBC695 /* FMDB */ = {
			isa = PBXGroup;
			children = (
				EAD5F51B1B7A0ADE00EBC695 /* FMDatabase.h */,
				EAD5F51C1B7A0ADE00EBC695 /* FMDatabase.m */,
				EAD5F51D1B7A0ADE00EBC695 /* FMDatabaseAdditions.h */,
				EAD5F51E1B7A0ADE00EBC695 /* FMDatabaseAdditions.m */,
				EAD5F51F1B7A0ADE00EBC695 /* fmdb.txt */,
				EAD5F5201B7A0ADE00EBC695 /* FMResultSet.h */,
				EAD5F5211B7A0ADE00EBC695 /* FMResultSet.m */,
			);
			path = FMDB;
			sourceTree = "<group>";
		};
		EAD5F52F1B7A18B600EBC695 /* UITableViewCell */ = {
			isa = PBXGroup;
			children = (
				EAD5F5301B7A18D800EBC695 /* StudentCell.swift */,
			);
			path = UITableViewCell;
			sourceTree = "<group>";
		};
/* End PBXGroup section */

/* Begin PBXNativeTarget section */
		EAD5F4C41B7A073200EBC695 /* Customer Record Summit */ = {
			isa = PBXNativeTarget;
			buildConfigurationList = EAD5F4E41B7A073200EBC695 /* Build configuration list for PBXNativeTarget "Customer Record Summit" */;
			buildPhases = (
				EAD5F4C11B7A073200EBC695 /* Sources */,
				EAD5F4C21B7A073200EBC695 /* Frameworks */,
				EAD5F4C31B7A073200EBC695 /* Resources */,
				D291E2D91F5E447D009AD790 /* Copy Frameworks */,
			);
			buildRules = (
			);
			dependencies = (
				D23ABD2B1E51ABAB003625EC /* PBXTargetDependency */,
			);
			name = "Customer Record Summit";
			productName = DbDemoExampleSwift;
			productReference = EAD5F4C51B7A073200EBC695 /* Customer Record Summit.app */;
			productType = "com.apple.product-type.application";
		};
		EAD5F4D91B7A073200EBC695 /* Customer Record SummitTests */ = {
			isa = PBXNativeTarget;
			buildConfigurationList = EAD5F4E71B7A073200EBC695 /* Build configuration list for PBXNativeTarget "Customer Record SummitTests" */;
			buildPhases = (
				EAD5F4D61B7A073200EBC695 /* Sources */,
				EAD5F4D71B7A073200EBC695 /* Frameworks */,
				EAD5F4D81B7A073200EBC695 /* Resources */,
			);
			buildRules = (
			);
			dependencies = (
				EAD5F4DC1B7A073200EBC695 /* PBXTargetDependency */,
			);
			name = "Customer Record SummitTests";
			productName = DbDemoExampleSwiftTests;
			productReference = EAD5F4DA1B7A073200EBC695 /* Customer Record SummitTests.xctest */;
			productType = "com.apple.product-type.bundle.unit-test";
		};
/* End PBXNativeTarget section */

/* Begin PBXProject section */
		EAD5F4BD1B7A073200EBC695 /* Project object */ = {
			isa = PBXProject;
			attributes = {
				LastSwiftMigration = 0700;
				LastSwiftUpdateCheck = 0700;
				LastUpgradeCheck = 0900;
				ORGANIZATIONNAME = Summit;
				TargetAttributes = {
					EAD5F4C41B7A073200EBC695 = {
						CreatedOnToolsVersion = 6.3.2;
						LastSwiftMigration = 0800;
						ProvisioningStyle = Automatic;
						SystemCapabilities = {
							com.apple.NetworkExtensions = {
								enabled = 0;
							};
							com.apple.SafariKeychain = {
								enabled = 0;
							};
						};
					};
					EAD5F4D91B7A073200EBC695 = {
						CreatedOnToolsVersion = 6.3.2;
						LastSwiftMigration = 0800;
						ProvisioningStyle = Automatic;
						TestTargetID = EAD5F4C41B7A073200EBC695;
					};
				};
			};
			buildConfigurationList = EAD5F4C01B7A073200EBC695 /* Build configuration list for PBXProject "Customer Record Summit" */;
			compatibilityVersion = "Xcode 8.0";
			developmentRegion = English;
			hasScannedForEncodings = 0;
			knownRegions = (
				en,
				Base,
			);
			mainGroup = EAD5F4BC1B7A073200EBC695;
			productRefGroup = EAD5F4C61B7A073200EBC695 /* Products */;
			projectDirPath = "";
			projectReferences = (
				{
					ProductGroup = D23ABD101E51AAE2003625EC /* Products */;
					ProjectRef = D23ABD0F1E51AAE2003625EC /* mailcore2.xcodeproj */;
				},
				{
					ProductGroup = D20C9DA81F5E434B00960BA6 /* Products */;
					ProjectRef = D20C9DA71F5E434B00960BA6 /* Rebekka.xcodeproj */;
				},
			);
			projectRoot = "";
			targets = (
				EAD5F4C41B7A073200EBC695 /* Customer Record Summit */,
				EAD5F4D91B7A073200EBC695 /* Customer Record SummitTests */,
			);
		};
/* End PBXProject section */

/* Begin PBXReferenceProxy section */
		D20C9DB41F5E434B00960BA6 /* Rebekka.framework */ = {
			isa = PBXReferenceProxy;
			fileType = wrapper.framework;
			path = Rebekka.framework;
			remoteRef = D20C9DB31F5E434B00960BA6 /* PBXContainerItemProxy */;
			sourceTree = BUILT_PRODUCTS_DIR;
		};
		D20C9DB61F5E434B00960BA6 /* RebekkaTouch.framework */ = {
			isa = PBXReferenceProxy;
			fileType = wrapper.framework;
			path = RebekkaTouch.framework;
			remoteRef = D20C9DB51F5E434B00960BA6 /* PBXContainerItemProxy */;
			sourceTree = BUILT_PRODUCTS_DIR;
		};
		D23ABD1B1E51AAE3003625EC /* libMailCore.a */ = {
			isa = PBXReferenceProxy;
			fileType = archive.ar;
			path = libMailCore.a;
			remoteRef = D23ABD1A1E51AAE3003625EC /* PBXContainerItemProxy */;
			sourceTree = BUILT_PRODUCTS_DIR;
		};
		D23ABD1D1E51AAE3003625EC /* libMailCore-ios.a */ = {
			isa = PBXReferenceProxy;
			fileType = archive.ar;
			path = "libMailCore-ios.a";
			remoteRef = D23ABD1C1E51AAE3003625EC /* PBXContainerItemProxy */;
			sourceTree = BUILT_PRODUCTS_DIR;
		};
		D23ABD1F1E51AAE3003625EC /* tests */ = {
			isa = PBXReferenceProxy;
			fileType = "compiled.mach-o.executable";
			path = tests;
			remoteRef = D23ABD1E1E51AAE3003625EC /* PBXContainerItemProxy */;
			sourceTree = BUILT_PRODUCTS_DIR;
		};
		D23ABD211E51AAE3003625EC /* test-ios.app */ = {
			isa = PBXReferenceProxy;
			fileType = wrapper.application;
			path = "test-ios.app";
			remoteRef = D23ABD201E51AAE3003625EC /* PBXContainerItemProxy */;
			sourceTree = BUILT_PRODUCTS_DIR;
		};
		D23ABD231E51AAE3003625EC /* MailCore.framework */ = {
			isa = PBXReferenceProxy;
			fileType = wrapper.framework;
			path = MailCore.framework;
			remoteRef = D23ABD221E51AAE3003625EC /* PBXContainerItemProxy */;
			sourceTree = BUILT_PRODUCTS_DIR;
		};
		D23ABD251E51AAE3003625EC /* MailCore.framework */ = {
			isa = PBXReferenceProxy;
			fileType = wrapper.framework;
			path = MailCore.framework;
			remoteRef = D23ABD241E51AAE3003625EC /* PBXContainerItemProxy */;
			sourceTree = BUILT_PRODUCTS_DIR;
		};
		D23ABD271E51AAE3003625EC /* unittest.xctest */ = {
			isa = PBXReferenceProxy;
			fileType = wrapper.cfbundle;
			path = unittest.xctest;
			remoteRef = D23ABD261E51AAE3003625EC /* PBXContainerItemProxy */;
			sourceTree = BUILT_PRODUCTS_DIR;
		};
		D23ABD291E51AAE3003625EC /* unittestcpp */ = {
			isa = PBXReferenceProxy;
			fileType = "compiled.mach-o.executable";
			path = unittestcpp;
			remoteRef = D23ABD281E51AAE3003625EC /* PBXContainerItemProxy */;
			sourceTree = BUILT_PRODUCTS_DIR;
		};
/* End PBXReferenceProxy section */

/* Begin PBXResourcesBuildPhase section */
		EAD5F4C31B7A073200EBC695 /* Resources */ = {
			isa = PBXResourcesBuildPhase;
			buildActionMask = 2147483647;
			files = (
				D26F018B1E665D43001EFC1E /* Images.xcassets in Resources */,
				D2659A271F56BBAF00EC832F /* myFile.txt in Resources */,
				8404B9481D9BE1D900FA13C4 /* customerDB.sqlite in Resources */,
				84BECC6D1D9AA06D007D94F4 /* Launch Screen.storyboard in Resources */,
				D26F018F1E66CB7F001EFC1E /* Main.storyboard in Resources */,
				EAD5F5241B7A0ADE00EBC695 /* fmdb.txt in Resources */,
				D26F01AE1E66D16D001EFC1E /* LaunchScreen.xib in Resources */,
			);
			runOnlyForDeploymentPostprocessing = 0;
		};
		EAD5F4D81B7A073200EBC695 /* Resources */ = {
			isa = PBXResourcesBuildPhase;
			buildActionMask = 2147483647;
			files = (
			);
			runOnlyForDeploymentPostprocessing = 0;
		};
/* End PBXResourcesBuildPhase section */

/* Begin PBXSourcesBuildPhase section */
		EAD5F4C11B7A073200EBC695 /* Sources */ = {
			isa = PBXSourcesBuildPhase;
			buildActionMask = 2147483647;
			files = (
				EAD5F5041B7A080700EBC695 /* Util.swift in Sources */,
				EAD5F52C1B7A126200EBC695 /* HomeScreenViewController.swift in Sources */,
				EAD5F4CB1B7A073200EBC695 /* AppDelegate.swift in Sources */,
				D254505E1F7CE20400519C07 /* FXBlurView.m in Sources */,
				D2C2C7C41F501B3100111066 /* PickerInfo.swift in Sources */,
				EAD5F5021B7A080700EBC695 /* ModelManager.swift in Sources */,
				EAD5F5221B7A0ADE00EBC695 /* FMDatabase.m in Sources */,
				D296D4711F4D32D700FE3F60 /* SignUpPresenter.swift in Sources */,
				D2C6FA5D1F517862009377F8 /* Synchronize.swift in Sources */,
				D296D46F1F4C7C5400FE3F60 /* DataLayer.swift in Sources */,
				D296D4631F4C6F3800FE3F60 /* Validation.swift in Sources */,
				D296D47B1F4D3A7800FE3F60 /* LogInViewController.swift in Sources */,
				EAD5F5311B7A18D800EBC695 /* StudentCell.swift in Sources */,
				EAD5F5251B7A0ADE00EBC695 /* FMResultSet.m in Sources */,
				EAD5F52E1B7A127800EBC695 /* InsertRecordViewController.swift in Sources */,
				EAD5F5031B7A080700EBC695 /* CustomerInfo.swift in Sources */,
				84BECC691D9A4A9E007D94F4 /* Credential.swift in Sources */,
				D2189CFE1F5DBC5100FE0B19 /* JsonConverter.swift in Sources */,
				D296D4901F4D67FA00FE3F60 /* InsertRecordPresenter.swift in Sources */,
				D291E2DD1F5E45A2009AD790 /* FTPClient.swift in Sources */,
				D296D46C1F4C706500FE3F60 /* Email.swift in Sources */,
				84BECC711D9B81BF007D94F4 /* CompanyInfo.swift in Sources */,
				D296D4991F4D682200FE3F60 /* LogInPresenter.swift in Sources */,
				84BECC6F1D9B7F50007D94F4 /* SignUpViewController.swift in Sources */,
				EAD5F5231B7A0ADE00EBC695 /* FMDatabaseAdditions.m in Sources */,
				D296D4601F4C3AE300FE3F60 /* CustomerRecordPresenter.swift in Sources */,
			);
			runOnlyForDeploymentPostprocessing = 0;
		};
		EAD5F4D61B7A073200EBC695 /* Sources */ = {
			isa = PBXSourcesBuildPhase;
			buildActionMask = 2147483647;
			files = (
			);
			runOnlyForDeploymentPostprocessing = 0;
		};
/* End PBXSourcesBuildPhase section */

/* Begin PBXTargetDependency section */
		D23ABD2B1E51ABAB003625EC /* PBXTargetDependency */ = {
			isa = PBXTargetDependency;
			name = "static mailcore2 ios";
			targetProxy = D23ABD2A1E51ABAB003625EC /* PBXContainerItemProxy */;
		};
		EAD5F4DC1B7A073200EBC695 /* PBXTargetDependency */ = {
			isa = PBXTargetDependency;
			target = EAD5F4C41B7A073200EBC695 /* Customer Record Summit */;
			targetProxy = EAD5F4DB1B7A073200EBC695 /* PBXContainerItemProxy */;
		};
/* End PBXTargetDependency section */

/* Begin PBXVariantGroup section */
		EAD5F4CE1B7A073200EBC695 /* Main.storyboard */ = {
			isa = PBXVariantGroup;
			children = (
				EAD5F4CF1B7A073200EBC695 /* Base */,
			);
			name = Main.storyboard;
			sourceTree = "<group>";
		};
		EAD5F4D31B7A073200EBC695 /* LaunchScreen.xib */ = {
			isa = PBXVariantGroup;
			children = (
				EAD5F4D41B7A073200EBC695 /* Base */,
			);
			name = LaunchScreen.xib;
			sourceTree = "<group>";
		};
/* End PBXVariantGroup section */

/* Begin XCBuildConfiguration section */
		EAD5F4E21B7A073200EBC695 /* Debug */ = {
			isa = XCBuildConfiguration;
			buildSettings = {
				ALWAYS_SEARCH_USER_PATHS = NO;
				CLANG_CXX_LANGUAGE_STANDARD = "gnu++0x";
				CLANG_CXX_LIBRARY = "libc++";
				CLANG_ENABLE_MODULES = YES;
				CLANG_ENABLE_OBJC_ARC = YES;
				CLANG_WARN_BLOCK_CAPTURE_AUTORELEASING = YES;
				CLANG_WARN_BOOL_CONVERSION = YES;
				CLANG_WARN_COMMA = YES;
				CLANG_WARN_CONSTANT_CONVERSION = YES;
				CLANG_WARN_DIRECT_OBJC_ISA_USAGE = YES_ERROR;
				CLANG_WARN_EMPTY_BODY = YES;
				CLANG_WARN_ENUM_CONVERSION = YES;
				CLANG_WARN_INFINITE_RECURSION = YES;
				CLANG_WARN_INT_CONVERSION = YES;
				CLANG_WARN_NON_LITERAL_NULL_CONVERSION = YES;
				CLANG_WARN_OBJC_LITERAL_CONVERSION = YES;
				CLANG_WARN_OBJC_ROOT_CLASS = YES_ERROR;
				CLANG_WARN_RANGE_LOOP_ANALYSIS = YES;
				CLANG_WARN_STRICT_PROTOTYPES = YES;
				CLANG_WARN_SUSPICIOUS_MOVE = YES;
				CLANG_WARN_UNREACHABLE_CODE = YES;
				CLANG_WARN__DUPLICATE_METHOD_MATCH = YES;
				"CODE_SIGN_IDENTITY[sdk=*]" = "iPhone Developer";
				COPY_PHASE_STRIP = NO;
				DEBUG_INFORMATION_FORMAT = "dwarf-with-dsym";
				ENABLE_STRICT_OBJC_MSGSEND = YES;
				ENABLE_TESTABILITY = YES;
				GCC_C_LANGUAGE_STANDARD = gnu99;
				GCC_DYNAMIC_NO_PIC = NO;
				GCC_NO_COMMON_BLOCKS = YES;
				GCC_OPTIMIZATION_LEVEL = 0;
				GCC_PREPROCESSOR_DEFINITIONS = (
					"DEBUG=1",
					"$(inherited)",
				);
				GCC_SYMBOLS_PRIVATE_EXTERN = NO;
				GCC_WARN_64_TO_32_BIT_CONVERSION = YES;
				GCC_WARN_ABOUT_RETURN_TYPE = YES_ERROR;
				GCC_WARN_UNDECLARED_SELECTOR = YES;
				GCC_WARN_UNINITIALIZED_AUTOS = YES_AGGRESSIVE;
				GCC_WARN_UNUSED_FUNCTION = YES;
				GCC_WARN_UNUSED_VARIABLE = YES;
				IPHONEOS_DEPLOYMENT_TARGET = 9.0;
				MTL_ENABLE_DEBUG_INFO = YES;
				ONLY_ACTIVE_ARCH = YES;
				OTHER_LDFLAGS = "";
				SDKROOT = iphoneos;
				SWIFT_OPTIMIZATION_LEVEL = "-Onone";
				TARGETED_DEVICE_FAMILY = "1,2";
			};
			name = Debug;
		};
		EAD5F4E31B7A073200EBC695 /* Release */ = {
			isa = XCBuildConfiguration;
			buildSettings = {
				ALWAYS_SEARCH_USER_PATHS = NO;
				CLANG_CXX_LANGUAGE_STANDARD = "gnu++0x";
				CLANG_CXX_LIBRARY = "libc++";
				CLANG_ENABLE_MODULES = YES;
				CLANG_ENABLE_OBJC_ARC = YES;
				CLANG_WARN_BLOCK_CAPTURE_AUTORELEASING = YES;
				CLANG_WARN_BOOL_CONVERSION = YES;
				CLANG_WARN_COMMA = YES;
				CLANG_WARN_CONSTANT_CONVERSION = YES;
				CLANG_WARN_DIRECT_OBJC_ISA_USAGE = YES_ERROR;
				CLANG_WARN_EMPTY_BODY = YES;
				CLANG_WARN_ENUM_CONVERSION = YES;
				CLANG_WARN_INFINITE_RECURSION = YES;
				CLANG_WARN_INT_CONVERSION = YES;
				CLANG_WARN_NON_LITERAL_NULL_CONVERSION = YES;
				CLANG_WARN_OBJC_LITERAL_CONVERSION = YES;
				CLANG_WARN_OBJC_ROOT_CLASS = YES_ERROR;
				CLANG_WARN_RANGE_LOOP_ANALYSIS = YES;
				CLANG_WARN_STRICT_PROTOTYPES = YES;
				CLANG_WARN_SUSPICIOUS_MOVE = YES;
				CLANG_WARN_UNREACHABLE_CODE = YES;
				CLANG_WARN__DUPLICATE_METHOD_MATCH = YES;
				"CODE_SIGN_IDENTITY[sdk=iphoneos*]" = "iPhone Developer";
				COPY_PHASE_STRIP = NO;
				DEBUG_INFORMATION_FORMAT = "dwarf-with-dsym";
				ENABLE_NS_ASSERTIONS = NO;
				ENABLE_STRICT_OBJC_MSGSEND = YES;
				GCC_C_LANGUAGE_STANDARD = gnu99;
				GCC_NO_COMMON_BLOCKS = YES;
				GCC_WARN_64_TO_32_BIT_CONVERSION = YES;
				GCC_WARN_ABOUT_RETURN_TYPE = YES_ERROR;
				GCC_WARN_UNDECLARED_SELECTOR = YES;
				GCC_WARN_UNINITIALIZED_AUTOS = YES_AGGRESSIVE;
				GCC_WARN_UNUSED_FUNCTION = YES;
				GCC_WARN_UNUSED_VARIABLE = YES;
				IPHONEOS_DEPLOYMENT_TARGET = 9.0;
				MTL_ENABLE_DEBUG_INFO = NO;
				OTHER_LDFLAGS = "";
				SDKROOT = iphoneos;
				SWIFT_OPTIMIZATION_LEVEL = "-Owholemodule";
				TARGETED_DEVICE_FAMILY = "1,2";
				VALIDATE_PRODUCT = YES;
			};
			name = Release;
		};
		EAD5F4E51B7A073200EBC695 /* Debug */ = {
			isa = XCBuildConfiguration;
			buildSettings = {
				ASSETCATALOG_COMPILER_APPICON_NAME = AppIcon;
				CLANG_CXX_LIBRARY = "libc++";
				CODE_SIGN_IDENTITY = "iPhone Distribution";
				"CODE_SIGN_IDENTITY[sdk=iphoneos*]" = "iPhone Developer";
				DEVELOPMENT_TEAM = AGCQL8H37L;
				INFOPLIST_FILE = DbDemoExampleSwift/Info.plist;
				IPHONEOS_DEPLOYMENT_TARGET = 11.0;
				LD_RUNPATH_SEARCH_PATHS = "$(inherited) @executable_path/Frameworks";
				MailCore = "";
				OTHER_LDFLAGS = (
					"-lctemplate-ios",
					"-letpan-ios",
					"-lxml2",
					"-lsasl2",
					"-liconv",
					"-ltidy",
					"-lz",
					"-lc++",
					"-lresolv",
					"-stdlib=libc++",
					"-ObjC",
				);
				PRODUCT_BUNDLE_IDENTIFIER = com.summit.recordbook;
				PRODUCT_NAME = "$(TARGET_NAME)";
				PROVISIONING_PROFILE = "";
				PROVISIONING_PROFILE_SPECIFIER = "";
				SWIFT_OBJC_BRIDGING_HEADER = "./DbDemoExampleSwift/DbDemoExampleSwift-Bridging-Header.h";
				SWIFT_VERSION = 3.0;
				TARGETED_DEVICE_FAMILY = 2;
			};
			name = Debug;
		};
		EAD5F4E61B7A073200EBC695 /* Release */ = {
			isa = XCBuildConfiguration;
			buildSettings = {
				ASSETCATALOG_COMPILER_APPICON_NAME = AppIcon;
				CLANG_CXX_LIBRARY = "libc++";
				CODE_SIGN_IDENTITY = "iPhone Distribution";
				"CODE_SIGN_IDENTITY[sdk=iphoneos*]" = "iPhone Developer";
				DEVELOPMENT_TEAM = AGCQL8H37L;
				INFOPLIST_FILE = DbDemoExampleSwift/Info.plist;
				IPHONEOS_DEPLOYMENT_TARGET = 11.0;
				LD_RUNPATH_SEARCH_PATHS = "$(inherited) @executable_path/Frameworks";
				MailCore = "";
				OTHER_LDFLAGS = (
					"-lctemplate-ios",
					"-letpan-ios",
					"-lxml2",
					"-lsasl2",
					"-liconv",
					"-ltidy",
					"-lz",
					"-lc++",
					"-lresolv",
					"-stdlib=libc++",
					"-ObjC",
				);
				PRODUCT_BUNDLE_IDENTIFIER = com.summit.recordbook;
				PRODUCT_NAME = "$(TARGET_NAME)";
				PROVISIONING_PROFILE = "";
				PROVISIONING_PROFILE_SPECIFIER = "";
				SWIFT_OBJC_BRIDGING_HEADER = "./DbDemoExampleSwift/DbDemoExampleSwift-Bridging-Header.h";
				SWIFT_VERSION = 3.0;
				TARGETED_DEVICE_FAMILY = 2;
			};
			name = Release;
		};
		EAD5F4E81B7A073200EBC695 /* Debug */ = {
			isa = XCBuildConfiguration;
			buildSettings = {
				BUNDLE_LOADER = "$(TEST_HOST)";
				"CODE_SIGN_IDENTITY[sdk=iphoneos*]" = "iPhone Developer";
				DEVELOPMENT_TEAM = "";
				FRAMEWORK_SEARCH_PATHS = (
					"$(SDKROOT)/Developer/Library/Frameworks",
					"$(inherited)",
				);
				GCC_PREPROCESSOR_DEFINITIONS = (
					"DEBUG=1",
					"$(inherited)",
				);
				INFOPLIST_FILE = DbDemoExampleSwiftTests/Info.plist;
				LD_RUNPATH_SEARCH_PATHS = "$(inherited) @executable_path/Frameworks @loader_path/Frameworks";
				PRODUCT_BUNDLE_IDENTIFIER = "com.tag.$(PRODUCT_NAME:rfc1034identifier)";
				PRODUCT_NAME = "$(TARGET_NAME)";
				PROVISIONING_PROFILE_SPECIFIER = "";
				SWIFT_VERSION = 3.0;
				TEST_HOST = "$(BUILT_PRODUCTS_DIR)/Customer Record Summit.app/Customer Record Summit";
			};
			name = Debug;
		};
		EAD5F4E91B7A073200EBC695 /* Release */ = {
			isa = XCBuildConfiguration;
			buildSettings = {
				BUNDLE_LOADER = "$(TEST_HOST)";
				"CODE_SIGN_IDENTITY[sdk=iphoneos*]" = "iPhone Developer";
				DEVELOPMENT_TEAM = "";
				FRAMEWORK_SEARCH_PATHS = (
					"$(SDKROOT)/Developer/Library/Frameworks",
					"$(inherited)",
				);
				INFOPLIST_FILE = DbDemoExampleSwiftTests/Info.plist;
				LD_RUNPATH_SEARCH_PATHS = "$(inherited) @executable_path/Frameworks @loader_path/Frameworks";
				PRODUCT_BUNDLE_IDENTIFIER = "com.tag.$(PRODUCT_NAME:rfc1034identifier)";
				PRODUCT_NAME = "$(TARGET_NAME)";
				PROVISIONING_PROFILE_SPECIFIER = "";
				SWIFT_VERSION = 3.0;
				TEST_HOST = "$(BUILT_PRODUCTS_DIR)/Customer Record Summit.app/Customer Record Summit";
			};
			name = Release;
		};
/* End XCBuildConfiguration section */

/* Begin XCConfigurationList section */
		EAD5F4C01B7A073200EBC695 /* Build configuration list for PBXProject "Customer Record Summit" */ = {
			isa = XCConfigurationList;
			buildConfigurations = (
				EAD5F4E21B7A073200EBC695 /* Debug */,
				EAD5F4E31B7A073200EBC695 /* Release */,
			);
			defaultConfigurationIsVisible = 0;
			defaultConfigurationName = Release;
		};
		EAD5F4E41B7A073200EBC695 /* Build configuration list for PBXNativeTarget "Customer Record Summit" */ = {
			isa = XCConfigurationList;
			buildConfigurations = (
				EAD5F4E51B7A073200EBC695 /* Debug */,
				EAD5F4E61B7A073200EBC695 /* Release */,
			);
			defaultConfigurationIsVisible = 0;
			defaultConfigurationName = Release;
		};
		EAD5F4E71B7A073200EBC695 /* Build configuration list for PBXNativeTarget "Customer Record SummitTests" */ = {
			isa = XCConfigurationList;
			buildConfigurations = (
				EAD5F4E81B7A073200EBC695 /* Debug */,
				EAD5F4E91B7A073200EBC695 /* Release */,
			);
			defaultConfigurationIsVisible = 0;
			defaultConfigurationName = Release;
		};
/* End XCConfigurationList section */
	};
	rootObject = EAD5F4BD1B7A073200EBC695 /* Project object */;
}
